
Microsoft Visual Studio Solution File, Format Version 12.00
# Visual Studio Version 17
VisualStudioVersion = 17.9.34728.123
MinimumVisualStudioVersion = 10.0.40219.1
Project("{FAE04EC0-301F-11D3-BF4B-00C04F79EFBC}") = "Trab-CalcHipotenusa", "Trab-CalcHipotenusa\Trab-CalcHipotenusa.csproj", "{3F91F09B-C513-4A90-A038-D509D12A16E1}"
EndProject
Global
	GlobalSection(SolutionConfigurationPlatforms) = preSolution
		Debug|Any CPU = Debug|Any CPU
		Release|Any CPU = Release|Any CPU
	EndGlobalSection
	GlobalSection(ProjectConfigurationPlatforms) = postSolution
		{3F91F09B-C513-4A90-A038-D509D12A16E1}.Debug|Any CPU.ActiveCfg = Debug|Any CPU
		{3F91F09B-C513-4A90-A038-D509D12A16E1}.Debug|Any CPU.Build.0 = Debug|Any CPU
		{3F91F09B-C513-4A90-A038-D509D12A16E1}.Release|Any CPU.ActiveCfg = Release|Any CPU
		{3F91F09B-C513-4A90-A038-D509D12A16E1}.Release|Any CPU.Build.0 = Release|Any CPU
	EndGlobalSection
	GlobalSection(SolutionProperties) = preSolution
		HideSolutionNode = FALSE
	EndGlobalSection
	GlobalSection(ExtensibilityGlobals) = postSolution
		SolutionGuid = {3C88146D-598C-46D3-9754-EA8420B3446D}
	EndGlobalSection
EndGlobal
